
Microsoft Visual Studio Solution File, Format Version 12.00
# Visual Studio Version 17
VisualStudioVersion = 17.1.32319.34
MinimumVisualStudioVersion = 10.0.40219.1
Project("{888888A0-9F3D-457C-B088-3A5042F75D52}") = "ModuleStudentUnitTests", "ModuleStudentUnitTests.pyproj", "{A43EC7BB-5139-4E94-8C53-4E3B91F110CA}"
EndProject
Global
	GlobalSection(SolutionConfigurationPlatforms) = preSolution
		Debug|Any CPU = Debug|Any CPU
		Release|Any CPU = Release|Any CPU
	EndGlobalSection
	GlobalSection(ProjectConfigurationPlatforms) = postSolution
		{A43EC7BB-5139-4E94-8C53-4E3B91F110CA}.Debug|Any CPU.ActiveCfg = Debug|Any CPU
		{A43EC7BB-5139-4E94-8C53-4E3B91F110CA}.Release|Any CPU.ActiveCfg = Release|Any CPU
	EndGlobalSection
	GlobalSection(SolutionProperties) = preSolution
		HideSolutionNode = FALSE
	EndGlobalSection
	GlobalSection(ExtensibilityGlobals) = postSolution
		SolutionGuid = {E92114CA-D472-4429-BB75-1BFE009BCA72}
	EndGlobalSection
EndGlobal
